
Microsoft Visual Studio Solution File, Format Version 12.00
# Visual Studio Version 17
VisualStudioVersion = 17.8.34511.84
MinimumVisualStudioVersion = 10.0.40219.1
Project("{FAE04EC0-301F-11D3-BF4B-00C04F79EFBC}") = "ExemploAPI", "ExemploAPI\ExemploAPI.csproj", "{49693388-B903-438F-B78C-3CA030EABDC3}"
EndProject
Global
	GlobalSection(SolutionConfigurationPlatforms) = preSolution
		Debug|Any CPU = Debug|Any CPU
		Release|Any CPU = Release|Any CPU
	EndGlobalSection
	GlobalSection(ProjectConfigurationPlatforms) = postSolution
		{49693388-B903-438F-B78C-3CA030EABDC3}.Debug|Any CPU.ActiveCfg = Debug|Any CPU
		{49693388-B903-438F-B78C-3CA030EABDC3}.Debug|Any CPU.Build.0 = Debug|Any CPU
		{49693388-B903-438F-B78C-3CA030EABDC3}.Release|Any CPU.ActiveCfg = Release|Any CPU
		{49693388-B903-438F-B78C-3CA030EABDC3}.Release|Any CPU.Build.0 = Release|Any CPU
	EndGlobalSection
	GlobalSection(SolutionProperties) = preSolution
		HideSolutionNode = FALSE
	EndGlobalSection
	GlobalSection(ExtensibilityGlobals) = postSolution
		SolutionGuid = {B6119CE7-9422-4313-BE18-B297AAB21763}
	EndGlobalSection
EndGlobal
